// !$*UTF8*$!
{
	archiveVersion = 1;
	classes = {
	};
	objectVersion = 50;
	objects = {

/* Begin PBXBuildFile section */
		044C503E23D19CED00944AF3 /* AppDelegate.m in Sources */ = {isa = PBXBuildFile; fileRef = 044C503D23D19CED00944AF3 /* AppDelegate.m */; };
		044C504423D19CED00944AF3 /* ViewController.m in Sources */ = {isa = PBXBuildFile; fileRef = 044C504323D19CED00944AF3 /* ViewController.m */; };
		044C504723D19CED00944AF3 /* Main.storyboard in Resources */ = {isa = PBXBuildFile; fileRef = 044C504523D19CED00944AF3 /* Main.storyboard */; };
		044C504923D19CEF00944AF3 /* Assets.xcassets in Resources */ = {isa = PBXBuildFile; fileRef = 044C504823D19CEF00944AF3 /* Assets.xcassets */; };
		044C504C23D19CEF00944AF3 /* LaunchScreen.storyboard in Resources */ = {isa = PBXBuildFile; fileRef = 044C504A23D19CEF00944AF3 /* LaunchScreen.storyboard */; };
		044C504F23D19CEF00944AF3 /* main.m in Sources */ = {isa = PBXBuildFile; fileRef = 044C504E23D19CEF00944AF3 /* main.m */; };
		044C505623D19D4600944AF3 /* data.json in Resources */ = {isa = PBXBuildFile; fileRef = 044C505523D19D4600944AF3 /* data.json */; };
/* End PBXBuildFile section */

/* Begin PBXFileReference section */
		044C503923D19CED00944AF3 /* JSCoreParseJSON.app */ = {isa = PBXFileReference; explicitFileType = wrapper.application; includeInIndex = 0; path = JSCoreParseJSON.app; sourceTree = BUILT_PRODUCTS_DIR; };
		044C503C23D19CED00944AF3 /* AppDelegate.h */ = {isa = PBXFileReference; lastKnownFileType = sourcecode.c.h; path = AppDelegate.h; sourceTree = "<group>"; };
		044C503D23D19CED00944AF3 /* AppDelegate.m */ = {isa = PBXFileReference; lastKnownFileType = sourcecode.c.objc; path = AppDelegate.m; sourceTree = "<group>"; };
		044C504223D19CED00944AF3 /* ViewController.h */ = {isa = PBXFileReference; lastKnownFileType = sourcecode.c.h; path = ViewController.h; sourceTree = "<group>"; };
		044C504323D19CED00944AF3 /* ViewController.m */ = {isa = PBXFileReference; lastKnownFileType = sourcecode.c.objc; path = ViewController.m; sourceTree = "<group>"; };
		044C504623D19CED00944AF3 /* Base */ = {isa = PBXFileReference; lastKnownFileType = file.storyboard; name = Base; path = Base.lproj/Main.storyboard; sourceTree = "<group>"; };
		044C504823D19CEF00944AF3 /* Assets.xcassets */ = {isa = PBXFileReference; lastKnownFileType = folder.assetcatalog; path = Assets.xcassets; sourceTree = "<group>"; };
		044C504B23D19CEF00944AF3 /* Base */ = {isa = PBXFileReference; lastKnownFileType = file.storyboard; name = Base; path = Base.lproj/LaunchScreen.storyboard; sourceTree = "<group>"; };
		044C504D23D19CEF00944AF3 /* Info.plist */ = {isa = PBXFileReference; lastKnownFileType = text.plist.xml; path = Info.plist; sourceTree = "<group>"; };
		044C504E23D19CEF00944AF3 /* main.m */ = {isa = PBXFileReference; lastKnownFileType = sourcecode.c.objc; path = main.m; sourceTree = "<group>"; };
		044C505523D19D4600944AF3 /* data.json */ = {isa = PBXFileReference; fileEncoding = 4; lastKnownFileType = text.json; path = data.json; sourceTree = "<group>"; };
/* End PBXFileReference section */

/* Begin PBXFrameworksBuildPhase section */
		044C503623D19CED00944AF3 /* Frameworks */ = {
			isa = PBXFrameworksBuildPhase;
			buildActionMask = 2147483647;
			files = (
			);
			runOnlyForDeploymentPostprocessing = 0;
		};
/* End PBXFrameworksBuildPhase section */

/* Begin PBXGroup section */
		044C503023D19CED00944AF3 = {
			isa = PBXGroup;
			children = (
				044C503B23D19CED00944AF3 /* JSCoreParseJSON */,
				044C503A23D19CED00944AF3 /* Products */,
			);
			sourceTree = "<group>";
		};
		044C503A23D19CED00944AF3 /* Products */ = {
			isa = PBXGroup;
			children = (
				044C503923D19CED00944AF3 /* JSCoreParseJSON.app */,
			);
			name = Products;
			sourceTree = "<group>";
		};
		044C503B23D19CED00944AF3 /* JSCoreParseJSON */ = {
			isa = PBXGroup;
			children = (
				044C505523D19D4600944AF3 /* data.json */,
				044C503C23D19CED00944AF3 /* AppDelegate.h */,
				044C503D23D19CED00944AF3 /* AppDelegate.m */,
				044C504223D19CED00944AF3 /* ViewController.h */,
				044C504323D19CED00944AF3 /* ViewController.m */,
				044C504523D19CED00944AF3 /* Main.storyboard */,
				044C504823D19CEF00944AF3 /* Assets.xcassets */,
				044C504A23D19CEF00944AF3 /* LaunchScreen.storyboard */,
				044C504D23D19CEF00944AF3 /* Info.plist */,
				044C504E23D19CEF00944AF3 /* main.m */,
			);
			path = JSCoreParseJSON;
			sourceTree = "<group>";
		};
/* End PBXGroup section */

/* Begin PBXNativeTarget section */
		044C503823D19CED00944AF3 /* JSCoreParseJSON */ = {
			isa = PBXNativeTarget;
			buildConfigurationList = 044C505223D19CEF00944AF3 /* Build configuration list for PBXNativeTarget "JSCoreParseJSON" */;
			buildPhases = (
				044C503523D19CED00944AF3 /* Sources */,
				044C503623D19CED00944AF3 /* Frameworks */,
				044C503723D19CED00944AF3 /* Resources */,
			);
			buildRules = (
			);
			dependencies = (
			);
			name = JSCoreParseJSON;
			productName = JSCoreParseJSON;
			productReference = 044C503923D19CED00944AF3 /* JSCoreParseJSON.app */;
			productType = "com.apple.product-type.application";
		};
/* End PBXNativeTarget section */

/* Begin PBXProject section */
		044C503123D19CED00944AF3 /* Project object */ = {
			isa = PBXProject;
			attributes = {
				LastUpgradeCheck = 1130;
				ORGANIZATIONNAME = tassel;
				TargetAttributes = {
					044C503823D19CED00944AF3 = {
						CreatedOnToolsVersion = 11.3;
					};
				};
			};
			buildConfigurationList = 044C503423D19CED00944AF3 /* Build configuration list for PBXProject "JSCoreParseJSON" */;
			compatibilityVersion = "Xcode 9.3";
			developmentRegion = en;
			hasScannedForEncodings = 0;
			knownRegions = (
				en,
				Base,
			);
			mainGroup = 044C503023D19CED00944AF3;
			productRefGroup = 044C503A23D19CED00944AF3 /* Products */;
			projectDirPath = "";
			projectRoot = "";
			targets = (
				044C503823D19CED00944AF3 /* JSCoreParseJSON */,
			);
		};
/* End PBXProject section */

/* Begin PBXResourcesBuildPhase section */
		044C503723D19CED00944AF3 /* Resources */ = {
			isa = PBXResourcesBuildPhase;
			buildActionMask = 2147483647;
			files = (
				044C504C23D19CEF00944AF3 /* LaunchScreen.storyboard in Resources */,
				044C504923D19CEF00944AF3 /* Assets.xcassets in Resources */,
				044C504723D19CED00944AF3 /* Main.storyboard in Resources */,
				044C505623D19D4600944AF3 /* data.json in Resources */,
			);
			runOnlyForDeploymentPostprocessing = 0;
		};
/* End PBXResourcesBuildPhase section */

/* Begin PBXSourcesBuildPhase section */
		044C503523D19CED00944AF3 /* Sources */ = {
			isa = PBXSourcesBuildPhase;
			buildActionMask = 2147483647;
			files = (
				044C504423D19CED00944AF3 /* ViewController.m in Sources */,
				044C503E23D19CED00944AF3 /* AppDelegate.m in Sources */,
				044C504F23D19CEF00944AF3 /* main.m in Sources */,
			);
			runOnlyForDeploymentPostprocessing = 0;
		};
/* End PBXSourcesBuildPhase section */

/* Begin PBXVariantGroup section */
		044C504523D19CED00944AF3 /* Main.storyboard */ = {
			isa = PBXVariantGroup;
			children = (
				044C504623D19CED00944AF3 /* Base */,
			);
			name = Main.storyboard;
			sourceTree = "<group>";
		};
		044C504A23D19CEF00944AF3 /* LaunchScreen.storyboard */ = {
			isa = PBXVariantGroup;
			children = (
				044C504B23D19CEF00944AF3 /* Base */,
			);
			name = LaunchScreen.storyboard;
			sourceTree = "<group>";
		};
/* End PBXVariantGroup section */

/* Begin XCBuildConfiguration section */
		044C505023D19CEF00944AF3 /* Debug */ = {
			isa = XCBuildConfiguration;
			buildSettings = {
				ALWAYS_SEARCH_USER_PATHS = NO;
				CLANG_ANALYZER_NONNULL = YES;
				CLANG_ANALYZER_NUMBER_OBJECT_CONVERSION = YES_AGGRESSIVE;
				CLANG_CXX_LANGUAGE_STANDARD = "gnu++14";
				CLANG_CXX_LIBRARY = "libc++";
				CLANG_ENABLE_MODULES = YES;
				CLANG_ENABLE_OBJC_ARC = YES;
				CLANG_ENABLE_OBJC_WEAK = YES;
				CLANG_WARN_BLOCK_CAPTURE_AUTORELEASING = YES;
				CLANG_WARN_BOOL_CONVERSION = YES;
				CLANG_WARN_COMMA = YES;
				CLANG_WARN_CONSTANT_CONVERSION = YES;
				CLANG_WARN_DEPRECATED_OBJC_IMPLEMENTATIONS = YES;
				CLANG_WARN_DIRECT_OBJC_ISA_USAGE = YES_ERROR;
				CLANG_WARN_DOCUMENTATION_COMMENTS = YES;
				CLANG_WARN_EMPTY_BODY = YES;
				CLANG_WARN_ENUM_CONVERSION = YES;
				CLANG_WARN_INFINITE_RECURSION = YES;
				CLANG_WARN_INT_CONVERSION = YES;
				CLANG_WARN_NON_LITERAL_NULL_CONVERSION = YES;
				CLANG_WARN_OBJC_IMPLICIT_RETAIN_SELF = YES;
				CLANG_WARN_OBJC_LITERAL_CONVERSION = YES;
				CLANG_WARN_OBJC_ROOT_CLASS = YES_ERROR;
				CLANG_WARN_RANGE_LOOP_ANALYSIS = YES;
				CLANG_WARN_STRICT_PROTOTYPES = YES;
				CLANG_WARN_SUSPICIOUS_MOVE = YES;
				CLANG_WARN_UNGUARDED_AVAILABILITY = YES_AGGRESSIVE;
				CLANG_WARN_UNREACHABLE_CODE = YES;
				CLANG_WARN__DUPLICATE_METHOD_MATCH = YES;
				COPY_PHASE_STRIP = NO;
				DEBUG_INFORMATION_FORMAT = dwarf;
				ENABLE_STRICT_OBJC_MSGSEND = YES;
				ENABLE_TESTABILITY = YES;
				GCC_C_LANGUAGE_STANDARD = gnu11;
				GCC_DYNAMIC_NO_PIC = NO;
				GCC_NO_COMMON_BLOCKS = YES;
				GCC_OPTIMIZATION_LEVEL = 0;
				GCC_PREPROCESSOR_DEFINITIONS = (
					"DEBUG=1",
					"$(inherited)",
				);
				GCC_WARN_64_TO_32_BIT_CONVERSION = YES;
				GCC_WARN_ABOUT_RETURN_TYPE = YES_ERROR;
				GCC_WARN_UNDECLARED_SELECTOR = YES;
				GCC_WARN_UNINITIALIZED_AUTOS = YES_AGGRESSIVE;
				GCC_WARN_UNUSED_FUNCTION = YES;
				GCC_WARN_UNUSED_VARIABLE = YES;
				IPHONEOS_DEPLOYMENT_TARGET = 13.2;
				MTL_ENABLE_DEBUG_INFO = INCLUDE_SOURCE;
				MTL_FAST_MATH = YES;
				ONLY_ACTIVE_ARCH = YES;
				SDKROOT = iphoneos;
			};
			name = Debug;
		};
		044C505123D19CEF00944AF3 /* Release */ = {
			isa = XCBuildConfiguration;
			buildSettings = {
				ALWAYS_SEARCH_USER_PATHS = NO;
				CLANG_ANALYZER_NONNULL = YES;
				CLANG_ANALYZER_NUMBER_OBJECT_CONVERSION = YES_AGGRESSIVE;
				CLANG_CXX_LANGUAGE_STANDARD = "gnu++14";
				CLANG_CXX_LIBRARY = "libc++";
				CLANG_ENABLE_MODULES = YES;
				CLANG_ENABLE_OBJC_ARC = YES;
				CLANG_ENABLE_OBJC_WEAK = YES;
				CLANG_WARN_BLOCK_CAPTURE_AUTORELEASING = YES;
				CLANG_WARN_BOOL_CONVERSION = YES;
				CLANG_WARN_COMMA = YES;
				CLANG_WARN_CONSTANT_CONVERSION = YES;
				CLANG_WARN_DEPRECATED_OBJC_IMPLEMENTATIONS = YES;
				CLANG_WARN_DIRECT_OBJC_ISA_USAGE = YES_ERROR;
				CLANG_WARN_DOCUMENTATION_COMMENTS = YES;
				CLANG_WARN_EMPTY_BODY = YES;
				CLANG_WARN_ENUM_CONVERSION = YES;
				CLANG_WARN_INFINITE_RECURSION = YES;
				CLANG_WARN_INT_CONVERSION = YES;
				CLANG_WARN_NON_LITERAL_NULL_CONVERSION = YES;
				CLANG_WARN_OBJC_IMPLICIT_RETAIN_SELF = YES;
				CLANG_WARN_OBJC_LITERAL_CONVERSION = YES;
				CLANG_WARN_OBJC_ROOT_CLASS = YES_ERROR;
				CLANG_WARN_RANGE_LOOP_ANALYSIS = YES;
				CLANG_WARN_STRICT_PROTOTYPES = YES;
				CLANG_WARN_SUSPICIOUS_MOVE = YES;
				CLANG_WARN_UNGUARDED_AVAILABILITY = YES_AGGRESSIVE;
				CLANG_WARN_UNREACHABLE_CODE = YES;
				CLANG_WARN__DUPLICATE_METHOD_MATCH = YES;
				COPY_PHASE_STRIP = NO;
				DEBUG_INFORMATION_FORMAT = "dwarf-with-dsym";
				ENABLE_NS_ASSERTIONS = NO;
				ENABLE_STRICT_OBJC_MSGSEND = YES;
				GCC_C_LANGUAGE_STANDARD = gnu11;
				GCC_NO_COMMON_BLOCKS = YES;
				GCC_WARN_64_TO_32_BIT_CONVERSION = YES;
				GCC_WARN_ABOUT_RETURN_TYPE = YES_ERROR;
				GCC_WARN_UNDECLARED_SELECTOR = YES;
				GCC_WARN_UNINITIALIZED_AUTOS = YES_AGGRESSIVE;
				GCC_WARN_UNUSED_FUNCTION = YES;
				GCC_WARN_UNUSED_VARIABLE = YES;
				IPHONEOS_DEPLOYMENT_TARGET = 13.2;
				MTL_ENABLE_DEBUG_INFO = NO;
				MTL_FAST_MATH = YES;
				SDKROOT = iphoneos;
				VALIDATE_PRODUCT = YES;
			};
			name = Release;
		};
		044C505323D19CEF00944AF3 /* Debug */ = {
			isa = XCBuildConfiguration;
			buildSettings = {
				ASSETCATALOG_COMPILER_APPICON_NAME = AppIcon;
				CODE_SIGN_STYLE = Automatic;
				INFOPLIST_FILE = JSCoreParseJSON/Info.plist;
				IPHONEOS_DEPLOYMENT_TARGET = 9.0;
				LD_RUNPATH_SEARCH_PATHS = (
					"$(inherited)",
					"@executable_path/Frameworks",
				);
				PRODUCT_BUNDLE_IDENTIFIER = com.tassel.present.JSCoreParseJSON;
				PRODUCT_NAME = "$(TARGET_NAME)";
				TARGETED_DEVICE_FAMILY = "1,2";
			};
			name = Debug;
		};
		044C505423D19CEF00944AF3 /* Release */ = {
			isa = XCBuildConfiguration;
			buildSettings = {
				ASSETCATALOG_COMPILER_APPICON_NAME = AppIcon;
				CODE_SIGN_STYLE = Automatic;
				INFOPLIST_FILE = JSCoreParseJSON/Info.plist;
				IPHONEOS_DEPLOYMENT_TARGET = 9.0;
				LD_RUNPATH_SEARCH_PATHS = (
					"$(inherited)",
					"@executable_path/Frameworks",
				);
				PRODUCT_BUNDLE_IDENTIFIER = com.tassel.present.JSCoreParseJSON;
				PRODUCT_NAME = "$(TARGET_NAME)";
				TARGETED_DEVICE_FAMILY = "1,2";
			};
			name = Release;
		};
/* End XCBuildConfiguration section */

/* Begin XCConfigurationList section */
		044C503423D19CED00944AF3 /* Build configuration list for PBXProject "JSCoreParseJSON" */ = {
			isa = XCConfigurationList;
			buildConfigurations = (
				044C505023D19CEF00944AF3 /* Debug */,
				044C505123D19CEF00944AF3 /* Release */,
			);
			defaultConfigurationIsVisible = 0;
			defaultConfigurationName = Release;
		};
		044C505223D19CEF00944AF3 /* Build configuration list for PBXNativeTarget "JSCoreParseJSON" */ = {
			isa = XCConfigurationList;
			buildConfigurations = (
				044C505323D19CEF00944AF3 /* Debug */,
				044C505423D19CEF00944AF3 /* Release */,
			);
			defaultConfigurationIsVisible = 0;
			defaultConfigurationName = Release;
		};
/* End XCConfigurationList section */
	};
	rootObject = 044C503123D19CED00944AF3 /* Project object */;
}
