// !$*UTF8*$!
{
	archiveVersion = 1;
	classes = {
	};
	objectVersion = 50;
	objects = {

/* Begin PBXBuildFile section */
		04631BF122C31367009DC6C6 /* AppDelegate.m in Sources */ = {isa = PBXBuildFile; fileRef = 04631BF022C31367009DC6C6 /* AppDelegate.m */; };
		04631BF422C31367009DC6C6 /* ViewController.m in Sources */ = {isa = PBXBuildFile; fileRef = 04631BF322C31367009DC6C6 /* ViewController.m */; };
		04631BF722C31367009DC6C6 /* Main.storyboard in Resources */ = {isa = PBXBuildFile; fileRef = 04631BF522C31367009DC6C6 /* Main.storyboard */; };
		04631BF922C31368009DC6C6 /* Assets.xcassets in Resources */ = {isa = PBXBuildFile; fileRef = 04631BF822C31368009DC6C6 /* Assets.xcassets */; };
		04631BFC22C31368009DC6C6 /* LaunchScreen.storyboard in Resources */ = {isa = PBXBuildFile; fileRef = 04631BFA22C31368009DC6C6 /* LaunchScreen.storyboard */; };
		04631BFF22C31368009DC6C6 /* main.m in Sources */ = {isa = PBXBuildFile; fileRef = 04631BFE22C31368009DC6C6 /* main.m */; };
/* End PBXBuildFile section */

/* Begin PBXFileReference section */
		04631BEC22C31367009DC6C6 /* UICollectionViewDemo.app */ = {isa = PBXFileReference; explicitFileType = wrapper.application; includeInIndex = 0; path = UICollectionViewDemo.app; sourceTree = BUILT_PRODUCTS_DIR; };
		04631BEF22C31367009DC6C6 /* AppDelegate.h */ = {isa = PBXFileReference; lastKnownFileType = sourcecode.c.h; path = AppDelegate.h; sourceTree = "<group>"; };
		04631BF022C31367009DC6C6 /* AppDelegate.m */ = {isa = PBXFileReference; lastKnownFileType = sourcecode.c.objc; path = AppDelegate.m; sourceTree = "<group>"; };
		04631BF222C31367009DC6C6 /* ViewController.h */ = {isa = PBXFileReference; lastKnownFileType = sourcecode.c.h; path = ViewController.h; sourceTree = "<group>"; };
		04631BF322C31367009DC6C6 /* ViewController.m */ = {isa = PBXFileReference; lastKnownFileType = sourcecode.c.objc; path = ViewController.m; sourceTree = "<group>"; };
		04631BF622C31367009DC6C6 /* Base */ = {isa = PBXFileReference; lastKnownFileType = file.storyboard; name = Base; path = Base.lproj/Main.storyboard; sourceTree = "<group>"; };
		04631BF822C31368009DC6C6 /* Assets.xcassets */ = {isa = PBXFileReference; lastKnownFileType = folder.assetcatalog; path = Assets.xcassets; sourceTree = "<group>"; };
		04631BFB22C31368009DC6C6 /* Base */ = {isa = PBXFileReference; lastKnownFileType = file.storyboard; name = Base; path = Base.lproj/LaunchScreen.storyboard; sourceTree = "<group>"; };
		04631BFD22C31368009DC6C6 /* Info.plist */ = {isa = PBXFileReference; lastKnownFileType = text.plist.xml; path = Info.plist; sourceTree = "<group>"; };
		04631BFE22C31368009DC6C6 /* main.m */ = {isa = PBXFileReference; lastKnownFileType = sourcecode.c.objc; path = main.m; sourceTree = "<group>"; };
/* End PBXFileReference section */

/* Begin PBXFrameworksBuildPhase section */
		04631BE922C31367009DC6C6 /* Frameworks */ = {
			isa = PBXFrameworksBuildPhase;
			buildActionMask = 2147483647;
			files = (
			);
			runOnlyForDeploymentPostprocessing = 0;
		};
/* End PBXFrameworksBuildPhase section */

/* Begin PBXGroup section */
		04631BE322C31367009DC6C6 = {
			isa = PBXGroup;
			children = (
				04631BEE22C31367009DC6C6 /* UICollectionViewDemo */,
				04631BED22C31367009DC6C6 /* Products */,
			);
			sourceTree = "<group>";
		};
		04631BED22C31367009DC6C6 /* Products */ = {
			isa = PBXGroup;
			children = (
				04631BEC22C31367009DC6C6 /* UICollectionViewDemo.app */,
			);
			name = Products;
			sourceTree = "<group>";
		};
		04631BEE22C31367009DC6C6 /* UICollectionViewDemo */ = {
			isa = PBXGroup;
			children = (
				04631BEF22C31367009DC6C6 /* AppDelegate.h */,
				04631BF022C31367009DC6C6 /* AppDelegate.m */,
				04631BF222C31367009DC6C6 /* ViewController.h */,
				04631BF322C31367009DC6C6 /* ViewController.m */,
				04631BF522C31367009DC6C6 /* Main.storyboard */,
				04631BF822C31368009DC6C6 /* Assets.xcassets */,
				04631BFA22C31368009DC6C6 /* LaunchScreen.storyboard */,
				04631BFD22C31368009DC6C6 /* Info.plist */,
				04631BFE22C31368009DC6C6 /* main.m */,
			);
			path = UICollectionViewDemo;
			sourceTree = "<group>";
		};
/* End PBXGroup section */

/* Begin PBXNativeTarget section */
		04631BEB22C31367009DC6C6 /* UICollectionViewDemo */ = {
			isa = PBXNativeTarget;
			buildConfigurationList = 04631C0222C31368009DC6C6 /* Build configuration list for PBXNativeTarget "UICollectionViewDemo" */;
			buildPhases = (
				04631BE822C31367009DC6C6 /* Sources */,
				04631BE922C31367009DC6C6 /* Frameworks */,
				04631BEA22C31367009DC6C6 /* Resources */,
			);
			buildRules = (
			);
			dependencies = (
			);
			name = UICollectionViewDemo;
			productName = UICollectionViewDemo;
			productReference = 04631BEC22C31367009DC6C6 /* UICollectionViewDemo.app */;
			productType = "com.apple.product-type.application";
		};
/* End PBXNativeTarget section */

/* Begin PBXProject section */
		04631BE422C31367009DC6C6 /* Project object */ = {
			isa = PBXProject;
			attributes = {
				LastUpgradeCheck = 1020;
				ORGANIZATIONNAME = tassel;
				TargetAttributes = {
					04631BEB22C31367009DC6C6 = {
						CreatedOnToolsVersion = 10.2.1;
					};
				};
			};
			buildConfigurationList = 04631BE722C31367009DC6C6 /* Build configuration list for PBXProject "UICollectionViewDemo" */;
			compatibilityVersion = "Xcode 9.3";
			developmentRegion = en;
			hasScannedForEncodings = 0;
			knownRegions = (
				en,
				Base,
			);
			mainGroup = 04631BE322C31367009DC6C6;
			productRefGroup = 04631BED22C31367009DC6C6 /* Products */;
			projectDirPath = "";
			projectRoot = "";
			targets = (
				04631BEB22C31367009DC6C6 /* UICollectionViewDemo */,
			);
		};
/* End PBXProject section */

/* Begin PBXResourcesBuildPhase section */
		04631BEA22C31367009DC6C6 /* Resources */ = {
			isa = PBXResourcesBuildPhase;
			buildActionMask = 2147483647;
			files = (
				04631BFC22C31368009DC6C6 /* LaunchScreen.storyboard in Resources */,
				04631BF922C31368009DC6C6 /* Assets.xcassets in Resources */,
				04631BF722C31367009DC6C6 /* Main.storyboard in Resources */,
			);
			runOnlyForDeploymentPostprocessing = 0;
		};
/* End PBXResourcesBuildPhase section */

/* Begin PBXSourcesBuildPhase section */
		04631BE822C31367009DC6C6 /* Sources */ = {
			isa = PBXSourcesBuildPhase;
			buildActionMask = 2147483647;
			files = (
				04631BF422C31367009DC6C6 /* ViewController.m in Sources */,
				04631BFF22C31368009DC6C6 /* main.m in Sources */,
				04631BF122C31367009DC6C6 /* AppDelegate.m in Sources */,
			);
			runOnlyForDeploymentPostprocessing = 0;
		};
/* End PBXSourcesBuildPhase section */

/* Begin PBXVariantGroup section */
		04631BF522C31367009DC6C6 /* Main.storyboard */ = {
			isa = PBXVariantGroup;
			children = (
				04631BF622C31367009DC6C6 /* Base */,
			);
			name = Main.storyboard;
			sourceTree = "<group>";
		};
		04631BFA22C31368009DC6C6 /* LaunchScreen.storyboard */ = {
			isa = PBXVariantGroup;
			children = (
				04631BFB22C31368009DC6C6 /* Base */,
			);
			name = LaunchScreen.storyboard;
			sourceTree = "<group>";
		};
/* End PBXVariantGroup section */

/* Begin XCBuildConfiguration section */
		04631C0022C31368009DC6C6 /* Debug */ = {
			isa = XCBuildConfiguration;
			buildSettings = {
				ALWAYS_SEARCH_USER_PATHS = NO;
				CLANG_ANALYZER_NONNULL = YES;
				CLANG_ANALYZER_NUMBER_OBJECT_CONVERSION = YES_AGGRESSIVE;
				CLANG_CXX_LANGUAGE_STANDARD = "gnu++14";
				CLANG_CXX_LIBRARY = "libc++";
				CLANG_ENABLE_MODULES = YES;
				CLANG_ENABLE_OBJC_ARC = YES;
				CLANG_ENABLE_OBJC_WEAK = YES;
				CLANG_WARN_BLOCK_CAPTURE_AUTORELEASING = YES;
				CLANG_WARN_BOOL_CONVERSION = YES;
				CLANG_WARN_COMMA = YES;
				CLANG_WARN_CONSTANT_CONVERSION = YES;
				CLANG_WARN_DEPRECATED_OBJC_IMPLEMENTATIONS = YES;
				CLANG_WARN_DIRECT_OBJC_ISA_USAGE = YES_ERROR;
				CLANG_WARN_DOCUMENTATION_COMMENTS = YES;
				CLANG_WARN_EMPTY_BODY = YES;
				CLANG_WARN_ENUM_CONVERSION = YES;
				CLANG_WARN_INFINITE_RECURSION = YES;
				CLANG_WARN_INT_CONVERSION = YES;
				CLANG_WARN_NON_LITERAL_NULL_CONVERSION = YES;
				CLANG_WARN_OBJC_IMPLICIT_RETAIN_SELF = YES;
				CLANG_WARN_OBJC_LITERAL_CONVERSION = YES;
				CLANG_WARN_OBJC_ROOT_CLASS = YES_ERROR;
				CLANG_WARN_RANGE_LOOP_ANALYSIS = YES;
				CLANG_WARN_STRICT_PROTOTYPES = YES;
				CLANG_WARN_SUSPICIOUS_MOVE = YES;
				CLANG_WARN_UNGUARDED_AVAILABILITY = YES_AGGRESSIVE;
				CLANG_WARN_UNREACHABLE_CODE = YES;
				CLANG_WARN__DUPLICATE_METHOD_MATCH = YES;
				CODE_SIGN_IDENTITY = "iPhone Developer";
				COPY_PHASE_STRIP = NO;
				DEBUG_INFORMATION_FORMAT = dwarf;
				ENABLE_STRICT_OBJC_MSGSEND = YES;
				ENABLE_TESTABILITY = YES;
				GCC_C_LANGUAGE_STANDARD = gnu11;
				GCC_DYNAMIC_NO_PIC = NO;
				GCC_NO_COMMON_BLOCKS = YES;
				GCC_OPTIMIZATION_LEVEL = 0;
				GCC_PREPROCESSOR_DEFINITIONS = (
					"DEBUG=1",
					"$(inherited)",
				);
				GCC_WARN_64_TO_32_BIT_CONVERSION = YES;
				GCC_WARN_ABOUT_RETURN_TYPE = YES_ERROR;
				GCC_WARN_UNDECLARED_SELECTOR = YES;
				GCC_WARN_UNINITIALIZED_AUTOS = YES_AGGRESSIVE;
				GCC_WARN_UNUSED_FUNCTION = YES;
				GCC_WARN_UNUSED_VARIABLE = YES;
				IPHONEOS_DEPLOYMENT_TARGET = 12.2;
				MTL_ENABLE_DEBUG_INFO = INCLUDE_SOURCE;
				MTL_FAST_MATH = YES;
				ONLY_ACTIVE_ARCH = YES;
				SDKROOT = iphoneos;
			};
			name = Debug;
		};
		04631C0122C31368009DC6C6 /* Release */ = {
			isa = XCBuildConfiguration;
			buildSettings = {
				ALWAYS_SEARCH_USER_PATHS = NO;
				CLANG_ANALYZER_NONNULL = YES;
				CLANG_ANALYZER_NUMBER_OBJECT_CONVERSION = YES_AGGRESSIVE;
				CLANG_CXX_LANGUAGE_STANDARD = "gnu++14";
				CLANG_CXX_LIBRARY = "libc++";
				CLANG_ENABLE_MODULES = YES;
				CLANG_ENABLE_OBJC_ARC = YES;
				CLANG_ENABLE_OBJC_WEAK = YES;
				CLANG_WARN_BLOCK_CAPTURE_AUTORELEASING = YES;
				CLANG_WARN_BOOL_CONVERSION = YES;
				CLANG_WARN_COMMA = YES;
				CLANG_WARN_CONSTANT_CONVERSION = YES;
				CLANG_WARN_DEPRECATED_OBJC_IMPLEMENTATIONS = YES;
				CLANG_WARN_DIRECT_OBJC_ISA_USAGE = YES_ERROR;
				CLANG_WARN_DOCUMENTATION_COMMENTS = YES;
				CLANG_WARN_EMPTY_BODY = YES;
				CLANG_WARN_ENUM_CONVERSION = YES;
				CLANG_WARN_INFINITE_RECURSION = YES;
				CLANG_WARN_INT_CONVERSION = YES;
				CLANG_WARN_NON_LITERAL_NULL_CONVERSION = YES;
				CLANG_WARN_OBJC_IMPLICIT_RETAIN_SELF = YES;
				CLANG_WARN_OBJC_LITERAL_CONVERSION = YES;
				CLANG_WARN_OBJC_ROOT_CLASS = YES_ERROR;
				CLANG_WARN_RANGE_LOOP_ANALYSIS = YES;
				CLANG_WARN_STRICT_PROTOTYPES = YES;
				CLANG_WARN_SUSPICIOUS_MOVE = YES;
				CLANG_WARN_UNGUARDED_AVAILABILITY = YES_AGGRESSIVE;
				CLANG_WARN_UNREACHABLE_CODE = YES;
				CLANG_WARN__DUPLICATE_METHOD_MATCH = YES;
				CODE_SIGN_IDENTITY = "iPhone Developer";
				COPY_PHASE_STRIP = NO;
				DEBUG_INFORMATION_FORMAT = "dwarf-with-dsym";
				ENABLE_NS_ASSERTIONS = NO;
				ENABLE_STRICT_OBJC_MSGSEND = YES;
				GCC_C_LANGUAGE_STANDARD = gnu11;
				GCC_NO_COMMON_BLOCKS = YES;
				GCC_WARN_64_TO_32_BIT_CONVERSION = YES;
				GCC_WARN_ABOUT_RETURN_TYPE = YES_ERROR;
				GCC_WARN_UNDECLARED_SELECTOR = YES;
				GCC_WARN_UNINITIALIZED_AUTOS = YES_AGGRESSIVE;
				GCC_WARN_UNUSED_FUNCTION = YES;
				GCC_WARN_UNUSED_VARIABLE = YES;
				IPHONEOS_DEPLOYMENT_TARGET = 12.2;
				MTL_ENABLE_DEBUG_INFO = NO;
				MTL_FAST_MATH = YES;
				SDKROOT = iphoneos;
				VALIDATE_PRODUCT = YES;
			};
			name = Release;
		};
		04631C0322C31368009DC6C6 /* Debug */ = {
			isa = XCBuildConfiguration;
			buildSettings = {
				ASSETCATALOG_COMPILER_APPICON_NAME = AppIcon;
				CODE_SIGN_STYLE = Automatic;
				INFOPLIST_FILE = UICollectionViewDemo/Info.plist;
				LD_RUNPATH_SEARCH_PATHS = (
					"$(inherited)",
					"@executable_path/Frameworks",
				);
				PRODUCT_BUNDLE_IDENTIFIER = c9j.ttt.UICollectionViewDemo;
				PRODUCT_NAME = "$(TARGET_NAME)";
				TARGETED_DEVICE_FAMILY = "1,2";
			};
			name = Debug;
		};
		04631C0422C31368009DC6C6 /* Release */ = {
			isa = XCBuildConfiguration;
			buildSettings = {
				ASSETCATALOG_COMPILER_APPICON_NAME = AppIcon;
				CODE_SIGN_STYLE = Automatic;
				INFOPLIST_FILE = UICollectionViewDemo/Info.plist;
				LD_RUNPATH_SEARCH_PATHS = (
					"$(inherited)",
					"@executable_path/Frameworks",
				);
				PRODUCT_BUNDLE_IDENTIFIER = c9j.ttt.UICollectionViewDemo;
				PRODUCT_NAME = "$(TARGET_NAME)";
				TARGETED_DEVICE_FAMILY = "1,2";
			};
			name = Release;
		};
/* End XCBuildConfiguration section */

/* Begin XCConfigurationList section */
		04631BE722C31367009DC6C6 /* Build configuration list for PBXProject "UICollectionViewDemo" */ = {
			isa = XCConfigurationList;
			buildConfigurations = (
				04631C0022C31368009DC6C6 /* Debug */,
				04631C0122C31368009DC6C6 /* Release */,
			);
			defaultConfigurationIsVisible = 0;
			defaultConfigurationName = Release;
		};
		04631C0222C31368009DC6C6 /* Build configuration list for PBXNativeTarget "UICollectionViewDemo" */ = {
			isa = XCConfigurationList;
			buildConfigurations = (
				04631C0322C31368009DC6C6 /* Debug */,
				04631C0422C31368009DC6C6 /* Release */,
			);
			defaultConfigurationIsVisible = 0;
			defaultConfigurationName = Release;
		};
/* End XCConfigurationList section */
	};
	rootObject = 04631BE422C31367009DC6C6 /* Project object */;
}
