<?xml version="1.0" encoding="UTF-8"?>
<Scheme
   version = "1.3">
   <BuildAction>
      <BuildActionEntries>
         <BuildActionEntry
            buildForRunning = "YES">
            <BuildableReference
               BuildableIdentifier = "primary"
               BlueprintIdentifier = "049E376B23B0CE8B00A4C58C"
               BuildableName = "PTCustomPresent.app"
               BlueprintName = "PTCustomPresent"
               ReferencedContainer = "container:PTCustomPresent.xcodeproj">
            </BuildableReference>
         </BuildActionEntry>
      </BuildActionEntries>
   </BuildAction>
   <LaunchAction
      useCustomWorkingDirectory = "NO"
      buildConfiguration = "Debug"
      allowLocationSimulation = "YES">
      <BuildableProductRunnable>
         <BuildableReference
            BuildableIdentifier = "primary"
            BlueprintIdentifier = "049E376B23B0CE8B00A4C58C"
            BuildableName = "PTCustomPresent.app"
            BlueprintName = "PTCustomPresent"
            ReferencedContainer = "container:PTCustomPresent.xcodeproj">
         </BuildableReference>
      </BuildableProductRunnable>
   </LaunchAction>
</Scheme>
