<?xml version="1.0" encoding="UTF-8"?>
<Scheme
   version = "1.3">
   <BuildAction>
      <BuildActionEntries>
         <BuildActionEntry
            buildForRunning = "YES">
            <BuildableReference
               BuildableIdentifier = "primary"
               BlueprintIdentifier = "04E916472435BD1D00FBB9CE"
               BuildableName = "UIStackViewDemo.app"
               BlueprintName = "UIStackViewDemo"
               ReferencedContainer = "container:UIStackViewDemo.xcodeproj">
            </BuildableReference>
         </BuildActionEntry>
      </BuildActionEntries>
   </BuildAction>
   <LaunchAction
      useCustomWorkingDirectory = "NO"
      buildConfiguration = "Debug"
      allowLocationSimulation = "YES">
      <BuildableProductRunnable>
         <BuildableReference
            BuildableIdentifier = "primary"
            BlueprintIdentifier = "04E916472435BD1D00FBB9CE"
            BuildableName = "UIStackViewDemo.app"
            BlueprintName = "UIStackViewDemo"
            ReferencedContainer = "container:UIStackViewDemo.xcodeproj">
         </BuildableReference>
      </BuildableProductRunnable>
   </LaunchAction>
</Scheme>
