// !$*UTF8*$!
{
	archiveVersion = 1;
	classes = {
	};
	objectVersion = 50;
	objects = {

/* Begin PBXBuildFile section */
		0482989F23ADF545004DE36F /* AppDelegate.m in Sources */ = {isa = PBXBuildFile; fileRef = 0482989E23ADF545004DE36F /* AppDelegate.m */; };
		048298A523ADF545004DE36F /* ViewController.m in Sources */ = {isa = PBXBuildFile; fileRef = 048298A423ADF545004DE36F /* ViewController.m */; };
		048298A823ADF545004DE36F /* Main.storyboard in Resources */ = {isa = PBXBuildFile; fileRef = 048298A623ADF545004DE36F /* Main.storyboard */; };
		048298AA23ADF547004DE36F /* Assets.xcassets in Resources */ = {isa = PBXBuildFile; fileRef = 048298A923ADF547004DE36F /* Assets.xcassets */; };
		048298AD23ADF547004DE36F /* LaunchScreen.storyboard in Resources */ = {isa = PBXBuildFile; fileRef = 048298AB23ADF547004DE36F /* LaunchScreen.storyboard */; };
		048298B023ADF547004DE36F /* main.m in Sources */ = {isa = PBXBuildFile; fileRef = 048298AF23ADF547004DE36F /* main.m */; };
		048298B823ADF6E3004DE36F /* LoginView.m in Sources */ = {isa = PBXBuildFile; fileRef = 048298B723ADF6E3004DE36F /* LoginView.m */; };
		048298BA23ADF88A004DE36F /* login.mp4 in Resources */ = {isa = PBXBuildFile; fileRef = 048298B923ADF88A004DE36F /* login.mp4 */; };
/* End PBXBuildFile section */

/* Begin PBXFileReference section */
		0482989A23ADF545004DE36F /* LauchVideoDemo.app */ = {isa = PBXFileReference; explicitFileType = wrapper.application; includeInIndex = 0; path = LauchVideoDemo.app; sourceTree = BUILT_PRODUCTS_DIR; };
		0482989D23ADF545004DE36F /* AppDelegate.h */ = {isa = PBXFileReference; lastKnownFileType = sourcecode.c.h; path = AppDelegate.h; sourceTree = "<group>"; };
		0482989E23ADF545004DE36F /* AppDelegate.m */ = {isa = PBXFileReference; lastKnownFileType = sourcecode.c.objc; path = AppDelegate.m; sourceTree = "<group>"; };
		048298A323ADF545004DE36F /* ViewController.h */ = {isa = PBXFileReference; lastKnownFileType = sourcecode.c.h; path = ViewController.h; sourceTree = "<group>"; };
		048298A423ADF545004DE36F /* ViewController.m */ = {isa = PBXFileReference; lastKnownFileType = sourcecode.c.objc; path = ViewController.m; sourceTree = "<group>"; };
		048298A723ADF545004DE36F /* Base */ = {isa = PBXFileReference; lastKnownFileType = file.storyboard; name = Base; path = Base.lproj/Main.storyboard; sourceTree = "<group>"; };
		048298A923ADF547004DE36F /* Assets.xcassets */ = {isa = PBXFileReference; lastKnownFileType = folder.assetcatalog; path = Assets.xcassets; sourceTree = "<group>"; };
		048298AC23ADF547004DE36F /* Base */ = {isa = PBXFileReference; lastKnownFileType = file.storyboard; name = Base; path = Base.lproj/LaunchScreen.storyboard; sourceTree = "<group>"; };
		048298AE23ADF547004DE36F /* Info.plist */ = {isa = PBXFileReference; lastKnownFileType = text.plist.xml; path = Info.plist; sourceTree = "<group>"; };
		048298AF23ADF547004DE36F /* main.m */ = {isa = PBXFileReference; lastKnownFileType = sourcecode.c.objc; path = main.m; sourceTree = "<group>"; };
		048298B623ADF6E3004DE36F /* LoginView.h */ = {isa = PBXFileReference; lastKnownFileType = sourcecode.c.h; path = LoginView.h; sourceTree = "<group>"; };
		048298B723ADF6E3004DE36F /* LoginView.m */ = {isa = PBXFileReference; lastKnownFileType = sourcecode.c.objc; path = LoginView.m; sourceTree = "<group>"; };
		048298B923ADF88A004DE36F /* login.mp4 */ = {isa = PBXFileReference; lastKnownFileType = file; path = login.mp4; sourceTree = "<group>"; };
/* End PBXFileReference section */

/* Begin PBXFrameworksBuildPhase section */
		0482989723ADF545004DE36F /* Frameworks */ = {
			isa = PBXFrameworksBuildPhase;
			buildActionMask = 2147483647;
			files = (
			);
			runOnlyForDeploymentPostprocessing = 0;
		};
/* End PBXFrameworksBuildPhase section */

/* Begin PBXGroup section */
		0482989123ADF545004DE36F = {
			isa = PBXGroup;
			children = (
				0482989C23ADF545004DE36F /* LauchVideoDemo */,
				0482989B23ADF545004DE36F /* Products */,
			);
			sourceTree = "<group>";
		};
		0482989B23ADF545004DE36F /* Products */ = {
			isa = PBXGroup;
			children = (
				0482989A23ADF545004DE36F /* LauchVideoDemo.app */,
			);
			name = Products;
			sourceTree = "<group>";
		};
		0482989C23ADF545004DE36F /* LauchVideoDemo */ = {
			isa = PBXGroup;
			children = (
				0482989D23ADF545004DE36F /* AppDelegate.h */,
				0482989E23ADF545004DE36F /* AppDelegate.m */,
				048298A323ADF545004DE36F /* ViewController.h */,
				048298A423ADF545004DE36F /* ViewController.m */,
				048298B623ADF6E3004DE36F /* LoginView.h */,
				048298B723ADF6E3004DE36F /* LoginView.m */,
				048298B923ADF88A004DE36F /* login.mp4 */,
				048298A623ADF545004DE36F /* Main.storyboard */,
				048298A923ADF547004DE36F /* Assets.xcassets */,
				048298AB23ADF547004DE36F /* LaunchScreen.storyboard */,
				048298AE23ADF547004DE36F /* Info.plist */,
				048298AF23ADF547004DE36F /* main.m */,
			);
			path = LauchVideoDemo;
			sourceTree = "<group>";
		};
/* End PBXGroup section */

/* Begin PBXNativeTarget section */
		0482989923ADF545004DE36F /* LauchVideoDemo */ = {
			isa = PBXNativeTarget;
			buildConfigurationList = 048298B323ADF547004DE36F /* Build configuration list for PBXNativeTarget "LauchVideoDemo" */;
			buildPhases = (
				0482989623ADF545004DE36F /* Sources */,
				0482989723ADF545004DE36F /* Frameworks */,
				0482989823ADF545004DE36F /* Resources */,
			);
			buildRules = (
			);
			dependencies = (
			);
			name = LauchVideoDemo;
			productName = LauchVideoDemo;
			productReference = 0482989A23ADF545004DE36F /* LauchVideoDemo.app */;
			productType = "com.apple.product-type.application";
		};
/* End PBXNativeTarget section */

/* Begin PBXProject section */
		0482989223ADF545004DE36F /* Project object */ = {
			isa = PBXProject;
			attributes = {
				LastUpgradeCheck = 1130;
				ORGANIZATIONNAME = tassel;
				TargetAttributes = {
					0482989923ADF545004DE36F = {
						CreatedOnToolsVersion = 11.3;
					};
				};
			};
			buildConfigurationList = 0482989523ADF545004DE36F /* Build configuration list for PBXProject "LauchVideoDemo" */;
			compatibilityVersion = "Xcode 9.3";
			developmentRegion = en;
			hasScannedForEncodings = 0;
			knownRegions = (
				en,
				Base,
			);
			mainGroup = 0482989123ADF545004DE36F;
			productRefGroup = 0482989B23ADF545004DE36F /* Products */;
			projectDirPath = "";
			projectRoot = "";
			targets = (
				0482989923ADF545004DE36F /* LauchVideoDemo */,
			);
		};
/* End PBXProject section */

/* Begin PBXResourcesBuildPhase section */
		0482989823ADF545004DE36F /* Resources */ = {
			isa = PBXResourcesBuildPhase;
			buildActionMask = 2147483647;
			files = (
				048298AD23ADF547004DE36F /* LaunchScreen.storyboard in Resources */,
				048298BA23ADF88A004DE36F /* login.mp4 in Resources */,
				048298AA23ADF547004DE36F /* Assets.xcassets in Resources */,
				048298A823ADF545004DE36F /* Main.storyboard in Resources */,
			);
			runOnlyForDeploymentPostprocessing = 0;
		};
/* End PBXResourcesBuildPhase section */

/* Begin PBXSourcesBuildPhase section */
		0482989623ADF545004DE36F /* Sources */ = {
			isa = PBXSourcesBuildPhase;
			buildActionMask = 2147483647;
			files = (
				048298A523ADF545004DE36F /* ViewController.m in Sources */,
				0482989F23ADF545004DE36F /* AppDelegate.m in Sources */,
				048298B823ADF6E3004DE36F /* LoginView.m in Sources */,
				048298B023ADF547004DE36F /* main.m in Sources */,
			);
			runOnlyForDeploymentPostprocessing = 0;
		};
/* End PBXSourcesBuildPhase section */

/* Begin PBXVariantGroup section */
		048298A623ADF545004DE36F /* Main.storyboard */ = {
			isa = PBXVariantGroup;
			children = (
				048298A723ADF545004DE36F /* Base */,
			);
			name = Main.storyboard;
			sourceTree = "<group>";
		};
		048298AB23ADF547004DE36F /* LaunchScreen.storyboard */ = {
			isa = PBXVariantGroup;
			children = (
				048298AC23ADF547004DE36F /* Base */,
			);
			name = LaunchScreen.storyboard;
			sourceTree = "<group>";
		};
/* End PBXVariantGroup section */

/* Begin XCBuildConfiguration section */
		048298B123ADF547004DE36F /* Debug */ = {
			isa = XCBuildConfiguration;
			buildSettings = {
				ALWAYS_SEARCH_USER_PATHS = NO;
				CLANG_ANALYZER_NONNULL = YES;
				CLANG_ANALYZER_NUMBER_OBJECT_CONVERSION = YES_AGGRESSIVE;
				CLANG_CXX_LANGUAGE_STANDARD = "gnu++14";
				CLANG_CXX_LIBRARY = "libc++";
				CLANG_ENABLE_MODULES = YES;
				CLANG_ENABLE_OBJC_ARC = YES;
				CLANG_ENABLE_OBJC_WEAK = YES;
				CLANG_WARN_BLOCK_CAPTURE_AUTORELEASING = YES;
				CLANG_WARN_BOOL_CONVERSION = YES;
				CLANG_WARN_COMMA = YES;
				CLANG_WARN_CONSTANT_CONVERSION = YES;
				CLANG_WARN_DEPRECATED_OBJC_IMPLEMENTATIONS = YES;
				CLANG_WARN_DIRECT_OBJC_ISA_USAGE = YES_ERROR;
				CLANG_WARN_DOCUMENTATION_COMMENTS = YES;
				CLANG_WARN_EMPTY_BODY = YES;
				CLANG_WARN_ENUM_CONVERSION = YES;
				CLANG_WARN_INFINITE_RECURSION = YES;
				CLANG_WARN_INT_CONVERSION = YES;
				CLANG_WARN_NON_LITERAL_NULL_CONVERSION = YES;
				CLANG_WARN_OBJC_IMPLICIT_RETAIN_SELF = YES;
				CLANG_WARN_OBJC_LITERAL_CONVERSION = YES;
				CLANG_WARN_OBJC_ROOT_CLASS = YES_ERROR;
				CLANG_WARN_RANGE_LOOP_ANALYSIS = YES;
				CLANG_WARN_STRICT_PROTOTYPES = YES;
				CLANG_WARN_SUSPICIOUS_MOVE = YES;
				CLANG_WARN_UNGUARDED_AVAILABILITY = YES_AGGRESSIVE;
				CLANG_WARN_UNREACHABLE_CODE = YES;
				CLANG_WARN__DUPLICATE_METHOD_MATCH = YES;
				COPY_PHASE_STRIP = NO;
				DEBUG_INFORMATION_FORMAT = dwarf;
				ENABLE_STRICT_OBJC_MSGSEND = YES;
				ENABLE_TESTABILITY = YES;
				GCC_C_LANGUAGE_STANDARD = gnu11;
				GCC_DYNAMIC_NO_PIC = NO;
				GCC_NO_COMMON_BLOCKS = YES;
				GCC_OPTIMIZATION_LEVEL = 0;
				GCC_PREPROCESSOR_DEFINITIONS = (
					"DEBUG=1",
					"$(inherited)",
				);
				GCC_WARN_64_TO_32_BIT_CONVERSION = YES;
				GCC_WARN_ABOUT_RETURN_TYPE = YES_ERROR;
				GCC_WARN_UNDECLARED_SELECTOR = YES;
				GCC_WARN_UNINITIALIZED_AUTOS = YES_AGGRESSIVE;
				GCC_WARN_UNUSED_FUNCTION = YES;
				GCC_WARN_UNUSED_VARIABLE = YES;
				IPHONEOS_DEPLOYMENT_TARGET = 13.2;
				MTL_ENABLE_DEBUG_INFO = INCLUDE_SOURCE;
				MTL_FAST_MATH = YES;
				ONLY_ACTIVE_ARCH = YES;
				SDKROOT = iphoneos;
			};
			name = Debug;
		};
		048298B223ADF547004DE36F /* Release */ = {
			isa = XCBuildConfiguration;
			buildSettings = {
				ALWAYS_SEARCH_USER_PATHS = NO;
				CLANG_ANALYZER_NONNULL = YES;
				CLANG_ANALYZER_NUMBER_OBJECT_CONVERSION = YES_AGGRESSIVE;
				CLANG_CXX_LANGUAGE_STANDARD = "gnu++14";
				CLANG_CXX_LIBRARY = "libc++";
				CLANG_ENABLE_MODULES = YES;
				CLANG_ENABLE_OBJC_ARC = YES;
				CLANG_ENABLE_OBJC_WEAK = YES;
				CLANG_WARN_BLOCK_CAPTURE_AUTORELEASING = YES;
				CLANG_WARN_BOOL_CONVERSION = YES;
				CLANG_WARN_COMMA = YES;
				CLANG_WARN_CONSTANT_CONVERSION = YES;
				CLANG_WARN_DEPRECATED_OBJC_IMPLEMENTATIONS = YES;
				CLANG_WARN_DIRECT_OBJC_ISA_USAGE = YES_ERROR;
				CLANG_WARN_DOCUMENTATION_COMMENTS = YES;
				CLANG_WARN_EMPTY_BODY = YES;
				CLANG_WARN_ENUM_CONVERSION = YES;
				CLANG_WARN_INFINITE_RECURSION = YES;
				CLANG_WARN_INT_CONVERSION = YES;
				CLANG_WARN_NON_LITERAL_NULL_CONVERSION = YES;
				CLANG_WARN_OBJC_IMPLICIT_RETAIN_SELF = YES;
				CLANG_WARN_OBJC_LITERAL_CONVERSION = YES;
				CLANG_WARN_OBJC_ROOT_CLASS = YES_ERROR;
				CLANG_WARN_RANGE_LOOP_ANALYSIS = YES;
				CLANG_WARN_STRICT_PROTOTYPES = YES;
				CLANG_WARN_SUSPICIOUS_MOVE = YES;
				CLANG_WARN_UNGUARDED_AVAILABILITY = YES_AGGRESSIVE;
				CLANG_WARN_UNREACHABLE_CODE = YES;
				CLANG_WARN__DUPLICATE_METHOD_MATCH = YES;
				COPY_PHASE_STRIP = NO;
				DEBUG_INFORMATION_FORMAT = "dwarf-with-dsym";
				ENABLE_NS_ASSERTIONS = NO;
				ENABLE_STRICT_OBJC_MSGSEND = YES;
				GCC_C_LANGUAGE_STANDARD = gnu11;
				GCC_NO_COMMON_BLOCKS = YES;
				GCC_WARN_64_TO_32_BIT_CONVERSION = YES;
				GCC_WARN_ABOUT_RETURN_TYPE = YES_ERROR;
				GCC_WARN_UNDECLARED_SELECTOR = YES;
				GCC_WARN_UNINITIALIZED_AUTOS = YES_AGGRESSIVE;
				GCC_WARN_UNUSED_FUNCTION = YES;
				GCC_WARN_UNUSED_VARIABLE = YES;
				IPHONEOS_DEPLOYMENT_TARGET = 13.2;
				MTL_ENABLE_DEBUG_INFO = NO;
				MTL_FAST_MATH = YES;
				SDKROOT = iphoneos;
				VALIDATE_PRODUCT = YES;
			};
			name = Release;
		};
		048298B423ADF547004DE36F /* Debug */ = {
			isa = XCBuildConfiguration;
			buildSettings = {
				ASSETCATALOG_COMPILER_APPICON_NAME = AppIcon;
				CODE_SIGN_STYLE = Automatic;
				INFOPLIST_FILE = LauchVideoDemo/Info.plist;
				IPHONEOS_DEPLOYMENT_TARGET = 9.0;
				LD_RUNPATH_SEARCH_PATHS = (
					"$(inherited)",
					"@executable_path/Frameworks",
				);
				PRODUCT_BUNDLE_IDENTIFIER = com.tassel.lauch.LauchVideoDemo;
				PRODUCT_NAME = "$(TARGET_NAME)";
				TARGETED_DEVICE_FAMILY = "1,2";
			};
			name = Debug;
		};
		048298B523ADF547004DE36F /* Release */ = {
			isa = XCBuildConfiguration;
			buildSettings = {
				ASSETCATALOG_COMPILER_APPICON_NAME = AppIcon;
				CODE_SIGN_STYLE = Automatic;
				INFOPLIST_FILE = LauchVideoDemo/Info.plist;
				IPHONEOS_DEPLOYMENT_TARGET = 9.0;
				LD_RUNPATH_SEARCH_PATHS = (
					"$(inherited)",
					"@executable_path/Frameworks",
				);
				PRODUCT_BUNDLE_IDENTIFIER = com.tassel.lauch.LauchVideoDemo;
				PRODUCT_NAME = "$(TARGET_NAME)";
				TARGETED_DEVICE_FAMILY = "1,2";
			};
			name = Release;
		};
/* End XCBuildConfiguration section */

/* Begin XCConfigurationList section */
		0482989523ADF545004DE36F /* Build configuration list for PBXProject "LauchVideoDemo" */ = {
			isa = XCConfigurationList;
			buildConfigurations = (
				048298B123ADF547004DE36F /* Debug */,
				048298B223ADF547004DE36F /* Release */,
			);
			defaultConfigurationIsVisible = 0;
			defaultConfigurationName = Release;
		};
		048298B323ADF547004DE36F /* Build configuration list for PBXNativeTarget "LauchVideoDemo" */ = {
			isa = XCConfigurationList;
			buildConfigurations = (
				048298B423ADF547004DE36F /* Debug */,
				048298B523ADF547004DE36F /* Release */,
			);
			defaultConfigurationIsVisible = 0;
			defaultConfigurationName = Release;
		};
/* End XCConfigurationList section */
	};
	rootObject = 0482989223ADF545004DE36F /* Project object */;
}
