// !$*UTF8*$!
{
	archiveVersion = 1;
	classes = {
	};
	objectVersion = 51;
	objects = {

/* Begin PBXBuildFile section */
		04D3D0FD22B910DA001E31FF /* AppDelegate.m in Sources */ = {isa = PBXBuildFile; fileRef = 04D3D0FC22B910DA001E31FF /* AppDelegate.m */; };
		04D3D10022B910DA001E31FF /* ViewController.m in Sources */ = {isa = PBXBuildFile; fileRef = 04D3D0FF22B910DA001E31FF /* ViewController.m */; };
		04D3D10322B910DA001E31FF /* Main.storyboard in Resources */ = {isa = PBXBuildFile; fileRef = 04D3D10122B910DA001E31FF /* Main.storyboard */; };
		04D3D10522B910DB001E31FF /* Assets.xcassets in Resources */ = {isa = PBXBuildFile; fileRef = 04D3D10422B910DB001E31FF /* Assets.xcassets */; };
		04D3D10822B910DB001E31FF /* LaunchScreen.storyboard in Resources */ = {isa = PBXBuildFile; fileRef = 04D3D10622B910DB001E31FF /* LaunchScreen.storyboard */; };
		04D3D10B22B910DB001E31FF /* main.m in Sources */ = {isa = PBXBuildFile; fileRef = 04D3D10A22B910DB001E31FF /* main.m */; };
		04D3D11422B91C7E001E31FF /* test.html in Resources */ = {isa = PBXBuildFile; fileRef = 04D3D11322B91C7E001E31FF /* test.html */; };
		9224505B9184BD2BCDA5D42A /* Pods_WebViewJavascriptBridgeDemo.framework in Frameworks */ = {isa = PBXBuildFile; fileRef = 485D2F9944F455C6C2E11684 /* Pods_WebViewJavascriptBridgeDemo.framework */; };
/* End PBXBuildFile section */

/* Begin PBXFileReference section */
		04D3D0F822B910DA001E31FF /* WebViewJavascriptBridgeDemo.app */ = {isa = PBXFileReference; explicitFileType = wrapper.application; includeInIndex = 0; path = WebViewJavascriptBridgeDemo.app; sourceTree = BUILT_PRODUCTS_DIR; };
		04D3D0FB22B910DA001E31FF /* AppDelegate.h */ = {isa = PBXFileReference; lastKnownFileType = sourcecode.c.h; path = AppDelegate.h; sourceTree = "<group>"; };
		04D3D0FC22B910DA001E31FF /* AppDelegate.m */ = {isa = PBXFileReference; lastKnownFileType = sourcecode.c.objc; path = AppDelegate.m; sourceTree = "<group>"; };
		04D3D0FE22B910DA001E31FF /* ViewController.h */ = {isa = PBXFileReference; lastKnownFileType = sourcecode.c.h; path = ViewController.h; sourceTree = "<group>"; };
		04D3D0FF22B910DA001E31FF /* ViewController.m */ = {isa = PBXFileReference; lastKnownFileType = sourcecode.c.objc; path = ViewController.m; sourceTree = "<group>"; };
		04D3D10222B910DA001E31FF /* Base */ = {isa = PBXFileReference; lastKnownFileType = file.storyboard; name = Base; path = Base.lproj/Main.storyboard; sourceTree = "<group>"; };
		04D3D10422B910DB001E31FF /* Assets.xcassets */ = {isa = PBXFileReference; lastKnownFileType = folder.assetcatalog; path = Assets.xcassets; sourceTree = "<group>"; };
		04D3D10722B910DB001E31FF /* Base */ = {isa = PBXFileReference; lastKnownFileType = file.storyboard; name = Base; path = Base.lproj/LaunchScreen.storyboard; sourceTree = "<group>"; };
		04D3D10922B910DB001E31FF /* Info.plist */ = {isa = PBXFileReference; lastKnownFileType = text.plist.xml; path = Info.plist; sourceTree = "<group>"; };
		04D3D10A22B910DB001E31FF /* main.m */ = {isa = PBXFileReference; lastKnownFileType = sourcecode.c.objc; path = main.m; sourceTree = "<group>"; };
		04D3D11222B919D5001E31FF /* PrefixHeader.pch */ = {isa = PBXFileReference; fileEncoding = 4; lastKnownFileType = sourcecode.c.h; path = PrefixHeader.pch; sourceTree = SOURCE_ROOT; };
		04D3D11322B91C7E001E31FF /* test.html */ = {isa = PBXFileReference; fileEncoding = 4; lastKnownFileType = text.html; path = test.html; sourceTree = "<group>"; };
		485D2F9944F455C6C2E11684 /* Pods_WebViewJavascriptBridgeDemo.framework */ = {isa = PBXFileReference; explicitFileType = wrapper.framework; includeInIndex = 0; path = Pods_WebViewJavascriptBridgeDemo.framework; sourceTree = BUILT_PRODUCTS_DIR; };
		6193B21005B8CDBC1419300E /* Pods-WebViewJavascriptBridgeDemo.release.xcconfig */ = {isa = PBXFileReference; includeInIndex = 1; lastKnownFileType = text.xcconfig; name = "Pods-WebViewJavascriptBridgeDemo.release.xcconfig"; path = "Target Support Files/Pods-WebViewJavascriptBridgeDemo/Pods-WebViewJavascriptBridgeDemo.release.xcconfig"; sourceTree = "<group>"; };
		896C950F5B676AD610F27634 /* Pods-WebViewJavascriptBridgeDemo.debug.xcconfig */ = {isa = PBXFileReference; includeInIndex = 1; lastKnownFileType = text.xcconfig; name = "Pods-WebViewJavascriptBridgeDemo.debug.xcconfig"; path = "Target Support Files/Pods-WebViewJavascriptBridgeDemo/Pods-WebViewJavascriptBridgeDemo.debug.xcconfig"; sourceTree = "<group>"; };
/* End PBXFileReference section */

/* Begin PBXFrameworksBuildPhase section */
		04D3D0F522B910DA001E31FF /* Frameworks */ = {
			isa = PBXFrameworksBuildPhase;
			buildActionMask = 2147483647;
			files = (
				9224505B9184BD2BCDA5D42A /* Pods_WebViewJavascriptBridgeDemo.framework in Frameworks */,
			);
			runOnlyForDeploymentPostprocessing = 0;
		};
/* End PBXFrameworksBuildPhase section */

/* Begin PBXGroup section */
		04D3D0EF22B910DA001E31FF = {
			isa = PBXGroup;
			children = (
				04D3D0FA22B910DA001E31FF /* WebViewJavascriptBridgeDemo */,
				04D3D0F922B910DA001E31FF /* Products */,
				EB4134F0450E496D03821CF2 /* Pods */,
				E0EADD81B7877A6FAE3FF08C /* Frameworks */,
			);
			sourceTree = "<group>";
		};
		04D3D0F922B910DA001E31FF /* Products */ = {
			isa = PBXGroup;
			children = (
				04D3D0F822B910DA001E31FF /* WebViewJavascriptBridgeDemo.app */,
			);
			name = Products;
			sourceTree = "<group>";
		};
		04D3D0FA22B910DA001E31FF /* WebViewJavascriptBridgeDemo */ = {
			isa = PBXGroup;
			children = (
				04D3D0FB22B910DA001E31FF /* AppDelegate.h */,
				04D3D0FC22B910DA001E31FF /* AppDelegate.m */,
				04D3D0FE22B910DA001E31FF /* ViewController.h */,
				04D3D0FF22B910DA001E31FF /* ViewController.m */,
				04D3D11322B91C7E001E31FF /* test.html */,
				04D3D10122B910DA001E31FF /* Main.storyboard */,
				04D3D10422B910DB001E31FF /* Assets.xcassets */,
				04D3D10622B910DB001E31FF /* LaunchScreen.storyboard */,
				04D3D10922B910DB001E31FF /* Info.plist */,
				04D3D10A22B910DB001E31FF /* main.m */,
				04D3D11222B919D5001E31FF /* PrefixHeader.pch */,
			);
			path = WebViewJavascriptBridgeDemo;
			sourceTree = "<group>";
		};
		E0EADD81B7877A6FAE3FF08C /* Frameworks */ = {
			isa = PBXGroup;
			children = (
				485D2F9944F455C6C2E11684 /* Pods_WebViewJavascriptBridgeDemo.framework */,
			);
			name = Frameworks;
			sourceTree = "<group>";
		};
		EB4134F0450E496D03821CF2 /* Pods */ = {
			isa = PBXGroup;
			children = (
				896C950F5B676AD610F27634 /* Pods-WebViewJavascriptBridgeDemo.debug.xcconfig */,
				6193B21005B8CDBC1419300E /* Pods-WebViewJavascriptBridgeDemo.release.xcconfig */,
			);
			path = Pods;
			sourceTree = "<group>";
		};
/* End PBXGroup section */

/* Begin PBXNativeTarget section */
		04D3D0F722B910DA001E31FF /* WebViewJavascriptBridgeDemo */ = {
			isa = PBXNativeTarget;
			buildConfigurationList = 04D3D10E22B910DB001E31FF /* Build configuration list for PBXNativeTarget "WebViewJavascriptBridgeDemo" */;
			buildPhases = (
				C646FF1E229AE5FD51947C5D /* [CP] Check Pods Manifest.lock */,
				04D3D0F422B910DA001E31FF /* Sources */,
				04D3D0F522B910DA001E31FF /* Frameworks */,
				04D3D0F622B910DA001E31FF /* Resources */,
				EB1E1909C8F7446F182F2258 /* [CP] Embed Pods Frameworks */,
			);
			buildRules = (
			);
			dependencies = (
			);
			name = WebViewJavascriptBridgeDemo;
			productName = WebViewJavascriptBridgeDemo;
			productReference = 04D3D0F822B910DA001E31FF /* WebViewJavascriptBridgeDemo.app */;
			productType = "com.apple.product-type.application";
		};
/* End PBXNativeTarget section */

/* Begin PBXProject section */
		04D3D0F022B910DA001E31FF /* Project object */ = {
			isa = PBXProject;
			attributes = {
				LastUpgradeCheck = 1020;
				ORGANIZATIONNAME = tassel;
				TargetAttributes = {
					04D3D0F722B910DA001E31FF = {
						CreatedOnToolsVersion = 10.2.1;
					};
				};
			};
			buildConfigurationList = 04D3D0F322B910DA001E31FF /* Build configuration list for PBXProject "WebViewJavascriptBridgeDemo" */;
			compatibilityVersion = "Xcode 9.3";
			developmentRegion = en;
			hasScannedForEncodings = 0;
			knownRegions = (
				en,
				Base,
			);
			mainGroup = 04D3D0EF22B910DA001E31FF;
			productRefGroup = 04D3D0F922B910DA001E31FF /* Products */;
			projectDirPath = "";
			projectRoot = "";
			targets = (
				04D3D0F722B910DA001E31FF /* WebViewJavascriptBridgeDemo */,
			);
		};
/* End PBXProject section */

/* Begin PBXResourcesBuildPhase section */
		04D3D0F622B910DA001E31FF /* Resources */ = {
			isa = PBXResourcesBuildPhase;
			buildActionMask = 2147483647;
			files = (
				04D3D11422B91C7E001E31FF /* test.html in Resources */,
				04D3D10822B910DB001E31FF /* LaunchScreen.storyboard in Resources */,
				04D3D10522B910DB001E31FF /* Assets.xcassets in Resources */,
				04D3D10322B910DA001E31FF /* Main.storyboard in Resources */,
			);
			runOnlyForDeploymentPostprocessing = 0;
		};
/* End PBXResourcesBuildPhase section */

/* Begin PBXShellScriptBuildPhase section */
		C646FF1E229AE5FD51947C5D /* [CP] Check Pods Manifest.lock */ = {
			isa = PBXShellScriptBuildPhase;
			buildActionMask = 2147483647;
			files = (
			);
			inputFileListPaths = (
			);
			inputPaths = (
				"${PODS_PODFILE_DIR_PATH}/Podfile.lock",
				"${PODS_ROOT}/Manifest.lock",
			);
			name = "[CP] Check Pods Manifest.lock";
			outputFileListPaths = (
			);
			outputPaths = (
				"$(DERIVED_FILE_DIR)/Pods-WebViewJavascriptBridgeDemo-checkManifestLockResult.txt",
			);
			runOnlyForDeploymentPostprocessing = 0;
			shellPath = /bin/sh;
			shellScript = "diff \"${PODS_PODFILE_DIR_PATH}/Podfile.lock\" \"${PODS_ROOT}/Manifest.lock\" > /dev/null\nif [ $? != 0 ] ; then\n    # print error to STDERR\n    echo \"error: The sandbox is not in sync with the Podfile.lock. Run 'pod install' or update your CocoaPods installation.\" >&2\n    exit 1\nfi\n# This output is used by Xcode 'outputs' to avoid re-running this script phase.\necho \"SUCCESS\" > \"${SCRIPT_OUTPUT_FILE_0}\"\n";
			showEnvVarsInLog = 0;
		};
		EB1E1909C8F7446F182F2258 /* [CP] Embed Pods Frameworks */ = {
			isa = PBXShellScriptBuildPhase;
			buildActionMask = 2147483647;
			files = (
			);
			inputFileListPaths = (
				"${PODS_ROOT}/Target Support Files/Pods-WebViewJavascriptBridgeDemo/Pods-WebViewJavascriptBridgeDemo-frameworks-${CONFIGURATION}-input-files.xcfilelist",
			);
			name = "[CP] Embed Pods Frameworks";
			outputFileListPaths = (
				"${PODS_ROOT}/Target Support Files/Pods-WebViewJavascriptBridgeDemo/Pods-WebViewJavascriptBridgeDemo-frameworks-${CONFIGURATION}-output-files.xcfilelist",
			);
			runOnlyForDeploymentPostprocessing = 0;
			shellPath = /bin/sh;
			shellScript = "\"${PODS_ROOT}/Target Support Files/Pods-WebViewJavascriptBridgeDemo/Pods-WebViewJavascriptBridgeDemo-frameworks.sh\"\n";
			showEnvVarsInLog = 0;
		};
/* End PBXShellScriptBuildPhase section */

/* Begin PBXSourcesBuildPhase section */
		04D3D0F422B910DA001E31FF /* Sources */ = {
			isa = PBXSourcesBuildPhase;
			buildActionMask = 2147483647;
			files = (
				04D3D10022B910DA001E31FF /* ViewController.m in Sources */,
				04D3D10B22B910DB001E31FF /* main.m in Sources */,
				04D3D0FD22B910DA001E31FF /* AppDelegate.m in Sources */,
			);
			runOnlyForDeploymentPostprocessing = 0;
		};
/* End PBXSourcesBuildPhase section */

/* Begin PBXVariantGroup section */
		04D3D10122B910DA001E31FF /* Main.storyboard */ = {
			isa = PBXVariantGroup;
			children = (
				04D3D10222B910DA001E31FF /* Base */,
			);
			name = Main.storyboard;
			sourceTree = "<group>";
		};
		04D3D10622B910DB001E31FF /* LaunchScreen.storyboard */ = {
			isa = PBXVariantGroup;
			children = (
				04D3D10722B910DB001E31FF /* Base */,
			);
			name = LaunchScreen.storyboard;
			sourceTree = "<group>";
		};
/* End PBXVariantGroup section */

/* Begin XCBuildConfiguration section */
		04D3D10C22B910DB001E31FF /* Debug */ = {
			isa = XCBuildConfiguration;
			buildSettings = {
				ALWAYS_SEARCH_USER_PATHS = NO;
				CLANG_ANALYZER_NONNULL = YES;
				CLANG_ANALYZER_NUMBER_OBJECT_CONVERSION = YES_AGGRESSIVE;
				CLANG_CXX_LANGUAGE_STANDARD = "gnu++14";
				CLANG_CXX_LIBRARY = "libc++";
				CLANG_ENABLE_MODULES = YES;
				CLANG_ENABLE_OBJC_ARC = YES;
				CLANG_ENABLE_OBJC_WEAK = YES;
				CLANG_WARN_BLOCK_CAPTURE_AUTORELEASING = YES;
				CLANG_WARN_BOOL_CONVERSION = YES;
				CLANG_WARN_COMMA = YES;
				CLANG_WARN_CONSTANT_CONVERSION = YES;
				CLANG_WARN_DEPRECATED_OBJC_IMPLEMENTATIONS = YES;
				CLANG_WARN_DIRECT_OBJC_ISA_USAGE = YES_ERROR;
				CLANG_WARN_DOCUMENTATION_COMMENTS = YES;
				CLANG_WARN_EMPTY_BODY = YES;
				CLANG_WARN_ENUM_CONVERSION = YES;
				CLANG_WARN_INFINITE_RECURSION = YES;
				CLANG_WARN_INT_CONVERSION = YES;
				CLANG_WARN_NON_LITERAL_NULL_CONVERSION = YES;
				CLANG_WARN_OBJC_IMPLICIT_RETAIN_SELF = YES;
				CLANG_WARN_OBJC_LITERAL_CONVERSION = YES;
				CLANG_WARN_OBJC_ROOT_CLASS = YES_ERROR;
				CLANG_WARN_RANGE_LOOP_ANALYSIS = YES;
				CLANG_WARN_STRICT_PROTOTYPES = YES;
				CLANG_WARN_SUSPICIOUS_MOVE = YES;
				CLANG_WARN_UNGUARDED_AVAILABILITY = YES_AGGRESSIVE;
				CLANG_WARN_UNREACHABLE_CODE = YES;
				CLANG_WARN__DUPLICATE_METHOD_MATCH = YES;
				CODE_SIGN_IDENTITY = "iPhone Developer";
				COPY_PHASE_STRIP = NO;
				DEBUG_INFORMATION_FORMAT = dwarf;
				ENABLE_STRICT_OBJC_MSGSEND = YES;
				ENABLE_TESTABILITY = YES;
				GCC_C_LANGUAGE_STANDARD = gnu11;
				GCC_DYNAMIC_NO_PIC = NO;
				GCC_NO_COMMON_BLOCKS = YES;
				GCC_OPTIMIZATION_LEVEL = 0;
				GCC_PREPROCESSOR_DEFINITIONS = (
					"DEBUG=1",
					"$(inherited)",
				);
				GCC_WARN_64_TO_32_BIT_CONVERSION = YES;
				GCC_WARN_ABOUT_RETURN_TYPE = YES_ERROR;
				GCC_WARN_UNDECLARED_SELECTOR = YES;
				GCC_WARN_UNINITIALIZED_AUTOS = YES_AGGRESSIVE;
				GCC_WARN_UNUSED_FUNCTION = YES;
				GCC_WARN_UNUSED_VARIABLE = YES;
				IPHONEOS_DEPLOYMENT_TARGET = 12.2;
				MTL_ENABLE_DEBUG_INFO = INCLUDE_SOURCE;
				MTL_FAST_MATH = YES;
				ONLY_ACTIVE_ARCH = YES;
				SDKROOT = iphoneos;
			};
			name = Debug;
		};
		04D3D10D22B910DB001E31FF /* Release */ = {
			isa = XCBuildConfiguration;
			buildSettings = {
				ALWAYS_SEARCH_USER_PATHS = NO;
				CLANG_ANALYZER_NONNULL = YES;
				CLANG_ANALYZER_NUMBER_OBJECT_CONVERSION = YES_AGGRESSIVE;
				CLANG_CXX_LANGUAGE_STANDARD = "gnu++14";
				CLANG_CXX_LIBRARY = "libc++";
				CLANG_ENABLE_MODULES = YES;
				CLANG_ENABLE_OBJC_ARC = YES;
				CLANG_ENABLE_OBJC_WEAK = YES;
				CLANG_WARN_BLOCK_CAPTURE_AUTORELEASING = YES;
				CLANG_WARN_BOOL_CONVERSION = YES;
				CLANG_WARN_COMMA = YES;
				CLANG_WARN_CONSTANT_CONVERSION = YES;
				CLANG_WARN_DEPRECATED_OBJC_IMPLEMENTATIONS = YES;
				CLANG_WARN_DIRECT_OBJC_ISA_USAGE = YES_ERROR;
				CLANG_WARN_DOCUMENTATION_COMMENTS = YES;
				CLANG_WARN_EMPTY_BODY = YES;
				CLANG_WARN_ENUM_CONVERSION = YES;
				CLANG_WARN_INFINITE_RECURSION = YES;
				CLANG_WARN_INT_CONVERSION = YES;
				CLANG_WARN_NON_LITERAL_NULL_CONVERSION = YES;
				CLANG_WARN_OBJC_IMPLICIT_RETAIN_SELF = YES;
				CLANG_WARN_OBJC_LITERAL_CONVERSION = YES;
				CLANG_WARN_OBJC_ROOT_CLASS = YES_ERROR;
				CLANG_WARN_RANGE_LOOP_ANALYSIS = YES;
				CLANG_WARN_STRICT_PROTOTYPES = YES;
				CLANG_WARN_SUSPICIOUS_MOVE = YES;
				CLANG_WARN_UNGUARDED_AVAILABILITY = YES_AGGRESSIVE;
				CLANG_WARN_UNREACHABLE_CODE = YES;
				CLANG_WARN__DUPLICATE_METHOD_MATCH = YES;
				CODE_SIGN_IDENTITY = "iPhone Developer";
				COPY_PHASE_STRIP = NO;
				DEBUG_INFORMATION_FORMAT = "dwarf-with-dsym";
				ENABLE_NS_ASSERTIONS = NO;
				ENABLE_STRICT_OBJC_MSGSEND = YES;
				GCC_C_LANGUAGE_STANDARD = gnu11;
				GCC_NO_COMMON_BLOCKS = YES;
				GCC_WARN_64_TO_32_BIT_CONVERSION = YES;
				GCC_WARN_ABOUT_RETURN_TYPE = YES_ERROR;
				GCC_WARN_UNDECLARED_SELECTOR = YES;
				GCC_WARN_UNINITIALIZED_AUTOS = YES_AGGRESSIVE;
				GCC_WARN_UNUSED_FUNCTION = YES;
				GCC_WARN_UNUSED_VARIABLE = YES;
				IPHONEOS_DEPLOYMENT_TARGET = 12.2;
				MTL_ENABLE_DEBUG_INFO = NO;
				MTL_FAST_MATH = YES;
				SDKROOT = iphoneos;
				VALIDATE_PRODUCT = YES;
			};
			name = Release;
		};
		04D3D10F22B910DB001E31FF /* Debug */ = {
			isa = XCBuildConfiguration;
			baseConfigurationReference = 896C950F5B676AD610F27634 /* Pods-WebViewJavascriptBridgeDemo.debug.xcconfig */;
			buildSettings = {
				ASSETCATALOG_COMPILER_APPICON_NAME = AppIcon;
				CODE_SIGN_STYLE = Automatic;
				GCC_INCREASE_PRECOMPILED_HEADER_SHARING = NO;
				GCC_PRECOMPILE_PREFIX_HEADER = YES;
				GCC_PREFIX_HEADER = "$(PROJECT_DIR)/PrefixHeader.pch";
				INFOPLIST_FILE = WebViewJavascriptBridgeDemo/Info.plist;
				LD_RUNPATH_SEARCH_PATHS = (
					"$(inherited)",
					"@executable_path/Frameworks",
				);
				PRODUCT_BUNDLE_IDENTIFIER = com.tassel.WebViewJavascriptBridgeDemo;
				PRODUCT_NAME = "$(TARGET_NAME)";
				TARGETED_DEVICE_FAMILY = "1,2";
			};
			name = Debug;
		};
		04D3D11022B910DB001E31FF /* Release */ = {
			isa = XCBuildConfiguration;
			baseConfigurationReference = 6193B21005B8CDBC1419300E /* Pods-WebViewJavascriptBridgeDemo.release.xcconfig */;
			buildSettings = {
				ASSETCATALOG_COMPILER_APPICON_NAME = AppIcon;
				CODE_SIGN_STYLE = Automatic;
				GCC_INCREASE_PRECOMPILED_HEADER_SHARING = NO;
				GCC_PRECOMPILE_PREFIX_HEADER = YES;
				GCC_PREFIX_HEADER = "$(PROJECT_DIR)/PrefixHeader.pch";
				INFOPLIST_FILE = WebViewJavascriptBridgeDemo/Info.plist;
				LD_RUNPATH_SEARCH_PATHS = (
					"$(inherited)",
					"@executable_path/Frameworks",
				);
				PRODUCT_BUNDLE_IDENTIFIER = com.tassel.WebViewJavascriptBridgeDemo;
				PRODUCT_NAME = "$(TARGET_NAME)";
				TARGETED_DEVICE_FAMILY = "1,2";
			};
			name = Release;
		};
/* End XCBuildConfiguration section */

/* Begin XCConfigurationList section */
		04D3D0F322B910DA001E31FF /* Build configuration list for PBXProject "WebViewJavascriptBridgeDemo" */ = {
			isa = XCConfigurationList;
			buildConfigurations = (
				04D3D10C22B910DB001E31FF /* Debug */,
				04D3D10D22B910DB001E31FF /* Release */,
			);
			defaultConfigurationIsVisible = 0;
			defaultConfigurationName = Release;
		};
		04D3D10E22B910DB001E31FF /* Build configuration list for PBXNativeTarget "WebViewJavascriptBridgeDemo" */ = {
			isa = XCConfigurationList;
			buildConfigurations = (
				04D3D10F22B910DB001E31FF /* Debug */,
				04D3D11022B910DB001E31FF /* Release */,
			);
			defaultConfigurationIsVisible = 0;
			defaultConfigurationName = Release;
		};
/* End XCConfigurationList section */
	};
	rootObject = 04D3D0F022B910DA001E31FF /* Project object */;
}
